
Microsoft Visual Studio Solution File, Format Version 12.00
# Visual Studio Version 17
VisualStudioVersion = 17.0.31919.166
MinimumVisualStudioVersion = 10.0.40219.1
Project("{FAE04EC0-301F-11D3-BF4B-00C04F79EFBC}") = "ExifEditor", "ExifEditor\ExifEditor.csproj", "{21D9BF89-B3CD-4D1D-B375-76FD64145CE8}"
EndProject
Global
	GlobalSection(SolutionConfigurationPlatforms) = preSolution
		Debug|Any CPU = Debug|Any CPU
		Release|Any CPU = Release|Any CPU
	EndGlobalSection
	GlobalSection(ProjectConfigurationPlatforms) = postSolution
		{21D9BF89-B3CD-4D1D-B375-76FD64145CE8}.Debug|Any CPU.ActiveCfg = Debug|Any CPU
		{21D9BF89-B3CD-4D1D-B375-76FD64145CE8}.Debug|Any CPU.Build.0 = Debug|Any CPU
		{21D9BF89-B3CD-4D1D-B375-76FD64145CE8}.Release|Any CPU.ActiveCfg = Release|Any CPU
		{21D9BF89-B3CD-4D1D-B375-76FD64145CE8}.Release|Any CPU.Build.0 = Release|Any CPU
	EndGlobalSection
	GlobalSection(SolutionProperties) = preSolution
		HideSolutionNode = FALSE
	EndGlobalSection
	GlobalSection(ExtensibilityGlobals) = postSolution
		SolutionGuid = {C02326D1-3A5C-415D-B064-78F31ED13101}
	EndGlobalSection
EndGlobal
